
Microsoft Visual Studio Solution File, Format Version 12.00
# Visual Studio 14
VisualStudioVersion = 14.0.25420.1
MinimumVisualStudioVersion = 10.0.40219.1
Project("{FAE04EC0-301F-11D3-BF4B-00C04F79EFBC}") = "Projet", "Projet\Projet.csproj", "{91661E58-5340-435F-826A-415A7187CF33}"
EndProject
Project("{FAE04EC0-301F-11D3-BF4B-00C04F79EFBC}") = "Client", "Client\Client.csproj", "{D258483D-8563-4029-8C4F-6123FF6A69E6}"
EndProject
Global
	GlobalSection(SolutionConfigurationPlatforms) = preSolution
		Debug|Any CPU = Debug|Any CPU
		Release|Any CPU = Release|Any CPU
	EndGlobalSection
	GlobalSection(ProjectConfigurationPlatforms) = postSolution
		{91661E58-5340-435F-826A-415A7187CF33}.Debug|Any CPU.ActiveCfg = Debug|Any CPU
		{91661E58-5340-435F-826A-415A7187CF33}.Debug|Any CPU.Build.0 = Debug|Any CPU
		{91661E58-5340-435F-826A-415A7187CF33}.Release|Any CPU.ActiveCfg = Release|Any CPU
		{91661E58-5340-435F-826A-415A7187CF33}.Release|Any CPU.Build.0 = Release|Any CPU
		{D258483D-8563-4029-8C4F-6123FF6A69E6}.Debug|Any CPU.ActiveCfg = Debug|Any CPU
		{D258483D-8563-4029-8C4F-6123FF6A69E6}.Debug|Any CPU.Build.0 = Debug|Any CPU
		{D258483D-8563-4029-8C4F-6123FF6A69E6}.Release|Any CPU.ActiveCfg = Release|Any CPU
		{D258483D-8563-4029-8C4F-6123FF6A69E6}.Release|Any CPU.Build.0 = Release|Any CPU
	EndGlobalSection
	GlobalSection(SolutionProperties) = preSolution
		HideSolutionNode = FALSE
	EndGlobalSection
EndGlobal
